{
  "version": 4,
  "terraform_version": "1.9.5",
  "serial": 9,
  "lineage": "11be18d3-1640-db31-42c7-7ee7c24bad5c",
  "outputs": {},
  "resources": [
    {
      "mode": "managed",
      "type": "azurerm_linux_virtual_machine",
      "name": "terra-demo",
      "provider": "provider[\"registry.terraform.io/hashicorp/azurerm\"]",
      "instances": [
        {
          "schema_version": 0,
          "attributes": {
            "additional_capabilities": [],
            "admin_password": null,
            "admin_ssh_key": [
              {
                "public_key": "ssh-rsa AAAAB3NzaC1yc2EAAAADAQABAAACAQDkL5H8ed31CQ2QMp5BJmFQcjwKCDZzaSsyFhfeRR0fTwZLe9iy7GXLdXU9TWxrS3ntskqdNJQpLOoeqRF6pC4jeybOichDgHJnwtHjUMYaN0B2hnxXnFmO+fA434r4xl1SIff2FlMCc4/MMUrl/T/ydOXrPhwc9i4MP6J5TS9n3tefayjezWwVJaERzQwCtiCA8cEKI9oK5uEywnscOsmIsDMlBbNPyR7sydp+0N8CoxKNPXoxJaPSKuGuVYLIVro8WtoXXLrfS6fQMp0KIU8Eww3RKWYqeaxsSTBoJAbg/igodc0gzRDfMyY6QdtskKe2KnKVuUN7QD4tLYerVGd2V1+vweAICvHLYrxsZucsPNJbd1lgBZzgSIXo4/0J/ry3x1hZWpHhfHSNchAWD5oj36bnHJxbt4g04aEapNjvYYPozE2isLDhcxaYsB42hO02sVyjz+HeOw3uf0X30oMadfldyc9IKRKdCCKPhWrvqrysR1KCJDQ79UKSk08YqFPmivOxot5FQ7GqIAheXODtfnUDyc8QKFpsr5ITgkBZvm1khGSJn8fMSX6SBLMq/klH6wFtXcZDug3D5kSlewtXotH660dVMdW9Ab6Z3ZwCboMb2uCPyh6GzWWrkwPQNIvx2GhbS05BM3cq/LOXs9isVfONIlT+Ks7EcJ1IMy/j+w== sudharanik861@gmail.com\r\n",
                "username": "sudhademo"
              }
            ],
            "admin_username": "sudhademo",
            "allow_extension_operations": true,
            "availability_set_id": "",
            "boot_diagnostics": [],
            "computer_name": "terra-demo-machine",
            "custom_data": null,
            "dedicated_host_group_id": "",
            "dedicated_host_id": "",
            "disable_password_authentication": true,
            "edge_zone": "",
            "encryption_at_host_enabled": false,
            "eviction_policy": "",
            "extensions_time_budget": "PT1H30M",
            "id": "/subscriptions/eb8ae1e3-b645-46c8-95fd-840b3738755c/resourceGroups/rg-vmss/providers/Microsoft.Compute/virtualMachines/terra-demo-machine",
            "identity": [],
            "license_type": "",
            "location": "eastus",
            "max_bid_price": -1,
            "name": "terra-demo-machine",
            "network_interface_ids": [
              "/subscriptions/eb8ae1e3-b645-46c8-95fd-840b3738755c/resourceGroups/rg-vmss/providers/Microsoft.Network/networkInterfaces/terra-demo-nic"
            ],
            "os_disk": [
              {
                "caching": "ReadWrite",
                "diff_disk_settings": [],
                "disk_encryption_set_id": "",
                "disk_size_gb": 30,
                "name": "terra-demo-machine_OsDisk_1_89a910efbb334ed6903c0c9dea3a5760",
                "storage_account_type": "Standard_LRS",
                "write_accelerator_enabled": false
              }
            ],
            "patch_mode": "ImageDefault",
            "plan": [],
            "platform_fault_domain": -1,
            "priority": "Regular",
            "private_ip_address": "10.0.2.4",
            "private_ip_addresses": [
              "10.0.2.4"
            ],
            "provision_vm_agent": true,
            "proximity_placement_group_id": "",
            "public_ip_address": "",
            "public_ip_addresses": [],
            "resource_group_name": "rg-vmss",
            "secret": [],
            "secure_boot_enabled": false,
            "size": "Standard_D2_v2",
            "source_image_id": "",
            "source_image_reference": [
              {
                "offer": "0001-com-ubuntu-server-jammy",
                "publisher": "Canonical",
                "sku": "22_04-lts",
                "version": "latest"
              }
            ],
            "tags": {},
            "termination_notification": [],
            "timeouts": null,
            "user_data": "",
            "virtual_machine_id": "2a5b33d8-f64b-49e1-80ab-7b76796af7a9",
            "virtual_machine_scale_set_id": "",
            "vtpm_enabled": false,
            "zone": ""
          },
          "sensitive_attributes": [
            [
              {
                "type": "get_attr",
                "value": "admin_password"
              }
            ],
            [
              {
                "type": "get_attr",
                "value": "custom_data"
              }
            ]
          ],
          "private": "eyJlMmJmYjczMC1lY2FhLTExZTYtOGY4OC0zNDM2M2JjN2M0YzAiOnsiY3JlYXRlIjoyNzAwMDAwMDAwMDAwLCJkZWxldGUiOjI3MDAwMDAwMDAwMDAsInJlYWQiOjMwMDAwMDAwMDAwMCwidXBkYXRlIjoyNzAwMDAwMDAwMDAwfX0=",
          "dependencies": [
            "azurerm_network_interface.terra-demo",
            "azurerm_public_ip.terra-demo",
            "azurerm_resource_group.terra-demo",
            "azurerm_subnet.terra-demo",
            "azurerm_virtual_network.terra-demo"
          ]
        }
      ]
    },
    {
      "mode": "managed",
      "type": "azurerm_network_interface",
      "name": "terra-demo",
      "provider": "provider[\"registry.terraform.io/hashicorp/azurerm\"]",
      "instances": [
        {
          "schema_version": 0,
          "attributes": {
            "applied_dns_servers": [],
            "dns_servers": [],
            "edge_zone": "",
            "enable_accelerated_networking": false,
            "enable_ip_forwarding": false,
            "id": "/subscriptions/eb8ae1e3-b645-46c8-95fd-840b3738755c/resourceGroups/rg-vmss/providers/Microsoft.Network/networkInterfaces/terra-demo-nic",
            "internal_dns_name_label": "",
            "internal_domain_name_suffix": "5rzauv2st4aedb4myxyu0parda.bx.internal.cloudapp.net",
            "ip_configuration": [
              {
                "gateway_load_balancer_frontend_ip_configuration_id": "",
                "name": "internal",
                "primary": true,
                "private_ip_address": "10.0.2.4",
                "private_ip_address_allocation": "Dynamic",
                "private_ip_address_version": "IPv4",
                "public_ip_address_id": "/subscriptions/eb8ae1e3-b645-46c8-95fd-840b3738755c/resourceGroups/rg-vmss/providers/Microsoft.Network/publicIPAddresses/terra-demo-pip",
                "subnet_id": "/subscriptions/eb8ae1e3-b645-46c8-95fd-840b3738755c/resourceGroups/rg-vmss/providers/Microsoft.Network/virtualNetworks/vmss-vnet/subnets/subnetA"
              }
            ],
            "location": "eastus",
            "mac_address": "00-0D-3A-9D-07-FF",
            "name": "terra-demo-nic",
            "private_ip_address": "10.0.2.4",
            "private_ip_addresses": [
              "10.0.2.4"
            ],
            "resource_group_name": "rg-vmss",
            "tags": {},
            "timeouts": null,
            "virtual_machine_id": "/subscriptions/eb8ae1e3-b645-46c8-95fd-840b3738755c/resourceGroups/rg-vmss/providers/Microsoft.Compute/virtualMachines/terra-demo-machine"
          },
          "sensitive_attributes": [],
          "private": "eyJlMmJmYjczMC1lY2FhLTExZTYtOGY4OC0zNDM2M2JjN2M0YzAiOnsiY3JlYXRlIjoxODAwMDAwMDAwMDAwLCJkZWxldGUiOjE4MDAwMDAwMDAwMDAsInJlYWQiOjMwMDAwMDAwMDAwMCwidXBkYXRlIjoxODAwMDAwMDAwMDAwfX0=",
          "dependencies": [
            "azurerm_public_ip.terra-demo",
            "azurerm_resource_group.terra-demo",
            "azurerm_subnet.terra-demo",
            "azurerm_virtual_network.terra-demo"
          ]
        }
      ]
    },
    {
      "mode": "managed",
      "type": "azurerm_public_ip",
      "name": "terra-demo",
      "provider": "provider[\"registry.terraform.io/hashicorp/azurerm\"]",
      "instances": [
        {
          "schema_version": 0,
          "attributes": {
            "allocation_method": "Static",
            "domain_name_label": null,
            "edge_zone": "",
            "fqdn": null,
            "id": "/subscriptions/eb8ae1e3-b645-46c8-95fd-840b3738755c/resourceGroups/rg-vmss/providers/Microsoft.Network/publicIPAddresses/terra-demo-pip",
            "idle_timeout_in_minutes": 4,
            "ip_address": "74.235.26.146",
            "ip_tags": null,
            "ip_version": "IPv4",
            "location": "eastus",
            "name": "terra-demo-pip",
            "public_ip_prefix_id": null,
            "resource_group_name": "rg-vmss",
            "reverse_fqdn": null,
            "sku": "Basic",
            "sku_tier": "Regional",
            "tags": null,
            "timeouts": null,
            "zones": null
          },
          "sensitive_attributes": [],
          "private": "eyJlMmJmYjczMC1lY2FhLTExZTYtOGY4OC0zNDM2M2JjN2M0YzAiOnsiY3JlYXRlIjoxODAwMDAwMDAwMDAwLCJkZWxldGUiOjE4MDAwMDAwMDAwMDAsInJlYWQiOjMwMDAwMDAwMDAwMCwidXBkYXRlIjoxODAwMDAwMDAwMDAwfX0=",
          "dependencies": [
            "azurerm_resource_group.terra-demo"
          ]
        }
      ]
    },
    {
      "mode": "managed",
      "type": "azurerm_resource_group",
      "name": "terra-demo",
      "provider": "provider[\"registry.terraform.io/hashicorp/azurerm\"]",
      "instances": [
        {
          "schema_version": 0,
          "attributes": {
            "id": "/subscriptions/eb8ae1e3-b645-46c8-95fd-840b3738755c/resourceGroups/rg-vmss",
            "location": "eastus",
            "name": "rg-vmss",
            "tags": {},
            "timeouts": null
          },
          "sensitive_attributes": [],
          "private": "eyJlMmJmYjczMC1lY2FhLTExZTYtOGY4OC0zNDM2M2JjN2M0YzAiOnsiY3JlYXRlIjo1NDAwMDAwMDAwMDAwLCJkZWxldGUiOjU0MDAwMDAwMDAwMDAsInJlYWQiOjMwMDAwMDAwMDAwMCwidXBkYXRlIjo1NDAwMDAwMDAwMDAwfX0="
        }
      ]
    },
    {
      "mode": "managed",
      "type": "azurerm_subnet",
      "name": "terra-demo",
      "provider": "provider[\"registry.terraform.io/hashicorp/azurerm\"]",
      "instances": [
        {
          "schema_version": 0,
          "attributes": {
            "address_prefixes": [
              "10.0.2.0/24"
            ],
            "delegation": [],
            "enforce_private_link_endpoint_network_policies": false,
            "enforce_private_link_service_network_policies": false,
            "id": "/subscriptions/eb8ae1e3-b645-46c8-95fd-840b3738755c/resourceGroups/rg-vmss/providers/Microsoft.Network/virtualNetworks/vmss-vnet/subnets/subnetA",
            "name": "subnetA",
            "resource_group_name": "rg-vmss",
            "service_endpoint_policy_ids": [],
            "service_endpoints": [],
            "timeouts": null,
            "virtual_network_name": "vmss-vnet"
          },
          "sensitive_attributes": [],
          "private": "eyJlMmJmYjczMC1lY2FhLTExZTYtOGY4OC0zNDM2M2JjN2M0YzAiOnsiY3JlYXRlIjoxODAwMDAwMDAwMDAwLCJkZWxldGUiOjE4MDAwMDAwMDAwMDAsInJlYWQiOjMwMDAwMDAwMDAwMCwidXBkYXRlIjoxODAwMDAwMDAwMDAwfX0=",
          "dependencies": [
            "azurerm_resource_group.terra-demo",
            "azurerm_virtual_network.terra-demo"
          ]
        }
      ]
    },
    {
      "mode": "managed",
      "type": "azurerm_virtual_network",
      "name": "terra-demo",
      "provider": "provider[\"registry.terraform.io/hashicorp/azurerm\"]",
      "instances": [
        {
          "schema_version": 0,
          "attributes": {
            "address_space": [
              "10.0.0.0/16"
            ],
            "bgp_community": "",
            "ddos_protection_plan": [],
            "dns_servers": [],
            "edge_zone": "",
            "flow_timeout_in_minutes": 0,
            "guid": "570a72fc-9f92-4180-87cc-c5f14d3c1118",
            "id": "/subscriptions/eb8ae1e3-b645-46c8-95fd-840b3738755c/resourceGroups/rg-vmss/providers/Microsoft.Network/virtualNetworks/vmss-vnet",
            "location": "eastus",
            "name": "vmss-vnet",
            "resource_group_name": "rg-vmss",
            "subnet": [
              {
                "address_prefix": "10.0.2.0/24",
                "id": "/subscriptions/eb8ae1e3-b645-46c8-95fd-840b3738755c/resourceGroups/rg-vmss/providers/Microsoft.Network/virtualNetworks/vmss-vnet/subnets/subnetA",
                "name": "subnetA",
                "security_group": ""
              }
            ],
            "tags": {},
            "timeouts": null
          },
          "sensitive_attributes": [],
          "private": "eyJlMmJmYjczMC1lY2FhLTExZTYtOGY4OC0zNDM2M2JjN2M0YzAiOnsiY3JlYXRlIjoxODAwMDAwMDAwMDAwLCJkZWxldGUiOjE4MDAwMDAwMDAwMDAsInJlYWQiOjMwMDAwMDAwMDAwMCwidXBkYXRlIjoxODAwMDAwMDAwMDAwfX0=",
          "dependencies": [
            "azurerm_resource_group.terra-demo"
          ]
        }
      ]
    }
  ],
  "check_results": null
}
